
Microsoft Visual Studio Solution File, Format Version 12.00
# Visual Studio Version 17
VisualStudioVersion = 17.13.35931.197 d17.13
MinimumVisualStudioVersion = 10.0.40219.1
Project("{FAE04EC0-301F-11D3-BF4B-00C04F79EFBC}") = "Fakebook", "Fakebook\Fakebook.csproj", "{178C8E8F-29D7-4745-8BE0-5F68130A217E}"
EndProject
Global
	GlobalSection(SolutionConfigurationPlatforms) = preSolution
		Debug|Any CPU = Debug|Any CPU
		Release|Any CPU = Release|Any CPU
	EndGlobalSection
	GlobalSection(ProjectConfigurationPlatforms) = postSolution
		{178C8E8F-29D7-4745-8BE0-5F68130A217E}.Debug|Any CPU.ActiveCfg = Debug|Any CPU
		{178C8E8F-29D7-4745-8BE0-5F68130A217E}.Debug|Any CPU.Build.0 = Debug|Any CPU
		{178C8E8F-29D7-4745-8BE0-5F68130A217E}.Release|Any CPU.ActiveCfg = Release|Any CPU
		{178C8E8F-29D7-4745-8BE0-5F68130A217E}.Release|Any CPU.Build.0 = Release|Any CPU
	EndGlobalSection
	GlobalSection(SolutionProperties) = preSolution
		HideSolutionNode = FALSE
	EndGlobalSection
	GlobalSection(ExtensibilityGlobals) = postSolution
		SolutionGuid = {36FFA7D6-E712-4CDE-86ED-EB013ED498AD}
	EndGlobalSection
EndGlobal
